
Microsoft Visual Studio Solution File, Format Version 12.00
# Visual Studio Version 17
VisualStudioVersion = 17.1.32407.343
MinimumVisualStudioVersion = 10.0.40219.1
Project("{FAE04EC0-301F-11D3-BF4B-00C04F79EFBC}") = "LogiSleep", "LogiSleep\LogiSleep.csproj", "{2B4E84B2-9073-48FB-AFEC-8B788C3BF9A8}"
EndProject
Global
	GlobalSection(SolutionConfigurationPlatforms) = preSolution
		Debug|Any CPU = Debug|Any CPU
		Release|Any CPU = Release|Any CPU
	EndGlobalSection
	GlobalSection(ProjectConfigurationPlatforms) = postSolution
		{2B4E84B2-9073-48FB-AFEC-8B788C3BF9A8}.Debug|Any CPU.ActiveCfg = Debug|Any CPU
		{2B4E84B2-9073-48FB-AFEC-8B788C3BF9A8}.Debug|Any CPU.Build.0 = Debug|Any CPU
		{2B4E84B2-9073-48FB-AFEC-8B788C3BF9A8}.Release|Any CPU.ActiveCfg = Release|Any CPU
		{2B4E84B2-9073-48FB-AFEC-8B788C3BF9A8}.Release|Any CPU.Build.0 = Release|Any CPU
	EndGlobalSection
	GlobalSection(SolutionProperties) = preSolution
		HideSolutionNode = FALSE
	EndGlobalSection
	GlobalSection(ExtensibilityGlobals) = postSolution
		SolutionGuid = {CE111A2E-B19B-4F51-B2FE-D739A15A4AA6}
	EndGlobalSection
EndGlobal
